// !$*UTF8*$!
{
	archiveVersion = 1;
	classes = {
	};
	objectVersion = 52;
	objects = {

/* Begin PBXBuildFile section */
		9945354F24B5C47200BADC2E /* AppDelegate.swift in Sources */ = {isa = PBXBuildFile; fileRef = 9945354E24B5C47200BADC2E /* AppDelegate.swift */; };
		9945355124B5C47200BADC2E /* SceneDelegate.swift in Sources */ = {isa = PBXBuildFile; fileRef = 9945355024B5C47200BADC2E /* SceneDelegate.swift */; };
		9945355324B5C47200BADC2E /* ContentView.swift in Sources */ = {isa = PBXBuildFile; fileRef = 9945355224B5C47200BADC2E /* ContentView.swift */; };
		9945355524B5C47300BADC2E /* Assets.xcassets in Resources */ = {isa = PBXBuildFile; fileRef = 9945355424B5C47300BADC2E /* Assets.xcassets */; };
		9945355824B5C47300BADC2E /* Preview Assets.xcassets in Resources */ = {isa = PBXBuildFile; fileRef = 9945355724B5C47300BADC2E /* Preview Assets.xcassets */; };
		9945355B24B5C47300BADC2E /* LaunchScreen.storyboard in Resources */ = {isa = PBXBuildFile; fileRef = 9945355924B5C47300BADC2E /* LaunchScreen.storyboard */; };
		9945356424B5C55200BADC2E /* SwiftProtobuf in Frameworks */ = {isa = PBXBuildFile; productRef = 9945356324B5C55200BADC2E /* SwiftProtobuf */; };
		9945356724B5C5A700BADC2E /* SwiftGRPC in Frameworks */ = {isa = PBXBuildFile; productRef = 9945356624B5C5A700BADC2E /* SwiftGRPC */; };
		9945356924B5D0F600BADC2E /* ContentViewModel.swift in Sources */ = {isa = PBXBuildFile; fileRef = 9945356824B5D0F600BADC2E /* ContentViewModel.swift */; };
		9945356B24B5D3A500BADC2E /* HTTPClient.swift in Sources */ = {isa = PBXBuildFile; fileRef = 9945356A24B5D3A500BADC2E /* HTTPClient.swift */; };
		9945356D24B5D3AE00BADC2E /* gRPCClient.swift in Sources */ = {isa = PBXBuildFile; fileRef = 9945356C24B5D3AE00BADC2E /* gRPCClient.swift */; };
		9945357024B5E0E200BADC2E /* Client.swift in Sources */ = {isa = PBXBuildFile; fileRef = 9945356F24B5E0E200BADC2E /* Client.swift */; };
		9945357C24B5E8A600BADC2E /* sample.pb.swift in Sources */ = {isa = PBXBuildFile; fileRef = 9945357A24B5E8A600BADC2E /* sample.pb.swift */; };
		9945357D24B5E8A600BADC2E /* sample.grpc.swift in Sources */ = {isa = PBXBuildFile; fileRef = 9945357B24B5E8A600BADC2E /* sample.grpc.swift */; };
/* End PBXBuildFile section */

/* Begin PBXFileReference section */
		9945354B24B5C47200BADC2E /* gRPC.app */ = {isa = PBXFileReference; explicitFileType = wrapper.application; includeInIndex = 0; path = gRPC.app; sourceTree = BUILT_PRODUCTS_DIR; };
		9945354E24B5C47200BADC2E /* AppDelegate.swift */ = {isa = PBXFileReference; lastKnownFileType = sourcecode.swift; path = AppDelegate.swift; sourceTree = "<group>"; };
		9945355024B5C47200BADC2E /* SceneDelegate.swift */ = {isa = PBXFileReference; lastKnownFileType = sourcecode.swift; path = SceneDelegate.swift; sourceTree = "<group>"; };
		9945355224B5C47200BADC2E /* ContentView.swift */ = {isa = PBXFileReference; lastKnownFileType = sourcecode.swift; path = ContentView.swift; sourceTree = "<group>"; };
		9945355424B5C47300BADC2E /* Assets.xcassets */ = {isa = PBXFileReference; lastKnownFileType = folder.assetcatalog; path = Assets.xcassets; sourceTree = "<group>"; };
		9945355724B5C47300BADC2E /* Preview Assets.xcassets */ = {isa = PBXFileReference; lastKnownFileType = folder.assetcatalog; path = "Preview Assets.xcassets"; sourceTree = "<group>"; };
		9945355A24B5C47300BADC2E /* Base */ = {isa = PBXFileReference; lastKnownFileType = file.storyboard; name = Base; path = Base.lproj/LaunchScreen.storyboard; sourceTree = "<group>"; };
		9945355C24B5C47300BADC2E /* Info.plist */ = {isa = PBXFileReference; lastKnownFileType = text.plist.xml; path = Info.plist; sourceTree = "<group>"; };
		9945356824B5D0F600BADC2E /* ContentViewModel.swift */ = {isa = PBXFileReference; lastKnownFileType = sourcecode.swift; path = ContentViewModel.swift; sourceTree = "<group>"; };
		9945356A24B5D3A500BADC2E /* HTTPClient.swift */ = {isa = PBXFileReference; lastKnownFileType = sourcecode.swift; path = HTTPClient.swift; sourceTree = "<group>"; };
		9945356C24B5D3AE00BADC2E /* gRPCClient.swift */ = {isa = PBXFileReference; lastKnownFileType = sourcecode.swift; path = gRPCClient.swift; sourceTree = "<group>"; };
		9945356F24B5E0E200BADC2E /* Client.swift */ = {isa = PBXFileReference; lastKnownFileType = sourcecode.swift; path = Client.swift; sourceTree = "<group>"; };
		9945357A24B5E8A600BADC2E /* sample.pb.swift */ = {isa = PBXFileReference; fileEncoding = 4; lastKnownFileType = sourcecode.swift; path = sample.pb.swift; sourceTree = "<group>"; };
		9945357B24B5E8A600BADC2E /* sample.grpc.swift */ = {isa = PBXFileReference; fileEncoding = 4; lastKnownFileType = sourcecode.swift; path = sample.grpc.swift; sourceTree = "<group>"; };
/* End PBXFileReference section */

/* Begin PBXFrameworksBuildPhase section */
		9945354824B5C47200BADC2E /* Frameworks */ = {
			isa = PBXFrameworksBuildPhase;
			buildActionMask = 2147483647;
			files = (
				9945356724B5C5A700BADC2E /* SwiftGRPC in Frameworks */,
				9945356424B5C55200BADC2E /* SwiftProtobuf in Frameworks */,
			);
			runOnlyForDeploymentPostprocessing = 0;
		};
/* End PBXFrameworksBuildPhase section */

/* Begin PBXGroup section */
		9945354224B5C47200BADC2E = {
			isa = PBXGroup;
			children = (
				9945354D24B5C47200BADC2E /* gRPC */,
				9945354C24B5C47200BADC2E /* Products */,
			);
			sourceTree = "<group>";
		};
		9945354C24B5C47200BADC2E /* Products */ = {
			isa = PBXGroup;
			children = (
				9945354B24B5C47200BADC2E /* gRPC.app */,
			);
			name = Products;
			sourceTree = "<group>";
		};
		9945354D24B5C47200BADC2E /* gRPC */ = {
			isa = PBXGroup;
			children = (
				9945357924B5E86900BADC2E /* pb */,
				9945356E24B5D3B800BADC2E /* Client */,
				9945354E24B5C47200BADC2E /* AppDelegate.swift */,
				9945355024B5C47200BADC2E /* SceneDelegate.swift */,
				9945355224B5C47200BADC2E /* ContentView.swift */,
				9945356824B5D0F600BADC2E /* ContentViewModel.swift */,
				9945355424B5C47300BADC2E /* Assets.xcassets */,
				9945355924B5C47300BADC2E /* LaunchScreen.storyboard */,
				9945355C24B5C47300BADC2E /* Info.plist */,
				9945355624B5C47300BADC2E /* Preview Content */,
			);
			path = gRPC;
			sourceTree = "<group>";
		};
		9945355624B5C47300BADC2E /* Preview Content */ = {
			isa = PBXGroup;
			children = (
				9945355724B5C47300BADC2E /* Preview Assets.xcassets */,
			);
			path = "Preview Content";
			sourceTree = "<group>";
		};
		9945356E24B5D3B800BADC2E /* Client */ = {
			isa = PBXGroup;
			children = (
				9945356C24B5D3AE00BADC2E /* gRPCClient.swift */,
				9945356A24B5D3A500BADC2E /* HTTPClient.swift */,
				9945356F24B5E0E200BADC2E /* Client.swift */,
			);
			path = Client;
			sourceTree = "<group>";
		};
		9945357924B5E86900BADC2E /* pb */ = {
			isa = PBXGroup;
			children = (
				9945357B24B5E8A600BADC2E /* sample.grpc.swift */,
				9945357A24B5E8A600BADC2E /* sample.pb.swift */,
			);
			path = pb;
			sourceTree = "<group>";
		};
/* End PBXGroup section */

/* Begin PBXNativeTarget section */
		9945354A24B5C47200BADC2E /* gRPC */ = {
			isa = PBXNativeTarget;
			buildConfigurationList = 9945355F24B5C47300BADC2E /* Build configuration list for PBXNativeTarget "gRPC" */;
			buildPhases = (
				9945354724B5C47200BADC2E /* Sources */,
				9945354824B5C47200BADC2E /* Frameworks */,
				9945354924B5C47200BADC2E /* Resources */,
			);
			buildRules = (
			);
			dependencies = (
			);
			name = gRPC;
			packageProductDependencies = (
				9945356324B5C55200BADC2E /* SwiftProtobuf */,
				9945356624B5C5A700BADC2E /* SwiftGRPC */,
			);
			productName = gRPC;
			productReference = 9945354B24B5C47200BADC2E /* gRPC.app */;
			productType = "com.apple.product-type.application";
		};
/* End PBXNativeTarget section */

/* Begin PBXProject section */
		9945354324B5C47200BADC2E /* Project object */ = {
			isa = PBXProject;
			attributes = {
				LastSwiftUpdateCheck = 1150;
				LastUpgradeCheck = 1150;
				ORGANIZATIONNAME = "Toshihiro Yamazaki";
				TargetAttributes = {
					9945354A24B5C47200BADC2E = {
						CreatedOnToolsVersion = 11.5;
					};
				};
			};
			buildConfigurationList = 9945354624B5C47200BADC2E /* Build configuration list for PBXProject "gRPC" */;
			compatibilityVersion = "Xcode 9.3";
			developmentRegion = en;
			hasScannedForEncodings = 0;
			knownRegions = (
				en,
				Base,
			);
			mainGroup = 9945354224B5C47200BADC2E;
			packageReferences = (
				9945356224B5C55200BADC2E /* XCRemoteSwiftPackageReference "swift-protobuf" */,
				9945356524B5C5A700BADC2E /* XCRemoteSwiftPackageReference "grpc-swift" */,
			);
			productRefGroup = 9945354C24B5C47200BADC2E /* Products */;
			projectDirPath = "";
			projectRoot = "";
			targets = (
				9945354A24B5C47200BADC2E /* gRPC */,
			);
		};
/* End PBXProject section */

/* Begin PBXResourcesBuildPhase section */
		9945354924B5C47200BADC2E /* Resources */ = {
			isa = PBXResourcesBuildPhase;
			buildActionMask = 2147483647;
			files = (
				9945355B24B5C47300BADC2E /* LaunchScreen.storyboard in Resources */,
				9945355824B5C47300BADC2E /* Preview Assets.xcassets in Resources */,
				9945355524B5C47300BADC2E /* Assets.xcassets in Resources */,
			);
			runOnlyForDeploymentPostprocessing = 0;
		};
/* End PBXResourcesBuildPhase section */

/* Begin PBXSourcesBuildPhase section */
		9945354724B5C47200BADC2E /* Sources */ = {
			isa = PBXSourcesBuildPhase;
			buildActionMask = 2147483647;
			files = (
				9945356924B5D0F600BADC2E /* ContentViewModel.swift in Sources */,
				9945357024B5E0E200BADC2E /* Client.swift in Sources */,
				9945357D24B5E8A600BADC2E /* sample.grpc.swift in Sources */,
				9945356B24B5D3A500BADC2E /* HTTPClient.swift in Sources */,
				9945356D24B5D3AE00BADC2E /* gRPCClient.swift in Sources */,
				9945357C24B5E8A600BADC2E /* sample.pb.swift in Sources */,
				9945354F24B5C47200BADC2E /* AppDelegate.swift in Sources */,
				9945355124B5C47200BADC2E /* SceneDelegate.swift in Sources */,
				9945355324B5C47200BADC2E /* ContentView.swift in Sources */,
			);
			runOnlyForDeploymentPostprocessing = 0;
		};
/* End PBXSourcesBuildPhase section */

/* Begin PBXVariantGroup section */
		9945355924B5C47300BADC2E /* LaunchScreen.storyboard */ = {
			isa = PBXVariantGroup;
			children = (
				9945355A24B5C47300BADC2E /* Base */,
			);
			name = LaunchScreen.storyboard;
			sourceTree = "<group>";
		};
/* End PBXVariantGroup section */

/* Begin XCBuildConfiguration section */
		9945355D24B5C47300BADC2E /* Debug */ = {
			isa = XCBuildConfiguration;
			buildSettings = {
				ALWAYS_SEARCH_USER_PATHS = NO;
				CLANG_ANALYZER_NONNULL = YES;
				CLANG_ANALYZER_NUMBER_OBJECT_CONVERSION = YES_AGGRESSIVE;
				CLANG_CXX_LANGUAGE_STANDARD = "gnu++14";
				CLANG_CXX_LIBRARY = "libc++";
				CLANG_ENABLE_MODULES = YES;
				CLANG_ENABLE_OBJC_ARC = YES;
				CLANG_ENABLE_OBJC_WEAK = YES;
				CLANG_WARN_BLOCK_CAPTURE_AUTORELEASING = YES;
				CLANG_WARN_BOOL_CONVERSION = YES;
				CLANG_WARN_COMMA = YES;
				CLANG_WARN_CONSTANT_CONVERSION = YES;
				CLANG_WARN_DEPRECATED_OBJC_IMPLEMENTATIONS = YES;
				CLANG_WARN_DIRECT_OBJC_ISA_USAGE = YES_ERROR;
				CLANG_WARN_DOCUMENTATION_COMMENTS = YES;
				CLANG_WARN_EMPTY_BODY = YES;
				CLANG_WARN_ENUM_CONVERSION = YES;
				CLANG_WARN_INFINITE_RECURSION = YES;
				CLANG_WARN_INT_CONVERSION = YES;
				CLANG_WARN_NON_LITERAL_NULL_CONVERSION = YES;
				CLANG_WARN_OBJC_IMPLICIT_RETAIN_SELF = YES;
				CLANG_WARN_OBJC_LITERAL_CONVERSION = YES;
				CLANG_WARN_OBJC_ROOT_CLASS = YES_ERROR;
				CLANG_WARN_RANGE_LOOP_ANALYSIS = YES;
				CLANG_WARN_STRICT_PROTOTYPES = YES;
				CLANG_WARN_SUSPICIOUS_MOVE = YES;
				CLANG_WARN_UNGUARDED_AVAILABILITY = YES_AGGRESSIVE;
				CLANG_WARN_UNREACHABLE_CODE = YES;
				CLANG_WARN__DUPLICATE_METHOD_MATCH = YES;
				COPY_PHASE_STRIP = NO;
				DEBUG_INFORMATION_FORMAT = dwarf;
				ENABLE_STRICT_OBJC_MSGSEND = YES;
				ENABLE_TESTABILITY = YES;
				GCC_C_LANGUAGE_STANDARD = gnu11;
				GCC_DYNAMIC_NO_PIC = NO;
				GCC_NO_COMMON_BLOCKS = YES;
				GCC_OPTIMIZATION_LEVEL = 0;
				GCC_PREPROCESSOR_DEFINITIONS = (
					"DEBUG=1",
					"$(inherited)",
				);
				GCC_WARN_64_TO_32_BIT_CONVERSION = YES;
				GCC_WARN_ABOUT_RETURN_TYPE = YES_ERROR;
				GCC_WARN_UNDECLARED_SELECTOR = YES;
				GCC_WARN_UNINITIALIZED_AUTOS = YES_AGGRESSIVE;
				GCC_WARN_UNUSED_FUNCTION = YES;
				GCC_WARN_UNUSED_VARIABLE = YES;
				IPHONEOS_DEPLOYMENT_TARGET = 13.5;
				MTL_ENABLE_DEBUG_INFO = INCLUDE_SOURCE;
				MTL_FAST_MATH = YES;
				ONLY_ACTIVE_ARCH = YES;
				SDKROOT = iphoneos;
				SWIFT_ACTIVE_COMPILATION_CONDITIONS = DEBUG;
				SWIFT_OPTIMIZATION_LEVEL = "-Onone";
			};
			name = Debug;
		};
		9945355E24B5C47300BADC2E /* Release */ = {
			isa = XCBuildConfiguration;
			buildSettings = {
				ALWAYS_SEARCH_USER_PATHS = NO;
				CLANG_ANALYZER_NONNULL = YES;
				CLANG_ANALYZER_NUMBER_OBJECT_CONVERSION = YES_AGGRESSIVE;
				CLANG_CXX_LANGUAGE_STANDARD = "gnu++14";
				CLANG_CXX_LIBRARY = "libc++";
				CLANG_ENABLE_MODULES = YES;
				CLANG_ENABLE_OBJC_ARC = YES;
				CLANG_ENABLE_OBJC_WEAK = YES;
				CLANG_WARN_BLOCK_CAPTURE_AUTORELEASING = YES;
				CLANG_WARN_BOOL_CONVERSION = YES;
				CLANG_WARN_COMMA = YES;
				CLANG_WARN_CONSTANT_CONVERSION = YES;
				CLANG_WARN_DEPRECATED_OBJC_IMPLEMENTATIONS = YES;
				CLANG_WARN_DIRECT_OBJC_ISA_USAGE = YES_ERROR;
				CLANG_WARN_DOCUMENTATION_COMMENTS = YES;
				CLANG_WARN_EMPTY_BODY = YES;
				CLANG_WARN_ENUM_CONVERSION = YES;
				CLANG_WARN_INFINITE_RECURSION = YES;
				CLANG_WARN_INT_CONVERSION = YES;
				CLANG_WARN_NON_LITERAL_NULL_CONVERSION = YES;
				CLANG_WARN_OBJC_IMPLICIT_RETAIN_SELF = YES;
				CLANG_WARN_OBJC_LITERAL_CONVERSION = YES;
				CLANG_WARN_OBJC_ROOT_CLASS = YES_ERROR;
				CLANG_WARN_RANGE_LOOP_ANALYSIS = YES;
				CLANG_WARN_STRICT_PROTOTYPES = YES;
				CLANG_WARN_SUSPICIOUS_MOVE = YES;
				CLANG_WARN_UNGUARDED_AVAILABILITY = YES_AGGRESSIVE;
				CLANG_WARN_UNREACHABLE_CODE = YES;
				CLANG_WARN__DUPLICATE_METHOD_MATCH = YES;
				COPY_PHASE_STRIP = NO;
				DEBUG_INFORMATION_FORMAT = "dwarf-with-dsym";
				ENABLE_NS_ASSERTIONS = NO;
				ENABLE_STRICT_OBJC_MSGSEND = YES;
				GCC_C_LANGUAGE_STANDARD = gnu11;
				GCC_NO_COMMON_BLOCKS = YES;
				GCC_WARN_64_TO_32_BIT_CONVERSION = YES;
				GCC_WARN_ABOUT_RETURN_TYPE = YES_ERROR;
				GCC_WARN_UNDECLARED_SELECTOR = YES;
				GCC_WARN_UNINITIALIZED_AUTOS = YES_AGGRESSIVE;
				GCC_WARN_UNUSED_FUNCTION = YES;
				GCC_WARN_UNUSED_VARIABLE = YES;
				IPHONEOS_DEPLOYMENT_TARGET = 13.5;
				MTL_ENABLE_DEBUG_INFO = NO;
				MTL_FAST_MATH = YES;
				SDKROOT = iphoneos;
				SWIFT_COMPILATION_MODE = wholemodule;
				SWIFT_OPTIMIZATION_LEVEL = "-O";
				VALIDATE_PRODUCT = YES;
			};
			name = Release;
		};
		9945356024B5C47300BADC2E /* Debug */ = {
			isa = XCBuildConfiguration;
			buildSettings = {
				ASSETCATALOG_COMPILER_APPICON_NAME = AppIcon;
				CODE_SIGN_STYLE = Automatic;
				DEVELOPMENT_ASSET_PATHS = "\"gRPC/Preview Content\"";
				DEVELOPMENT_TEAM = 333AB33F4Z;
				ENABLE_PREVIEWS = YES;
				INFOPLIST_FILE = gRPC/Info.plist;
				LD_RUNPATH_SEARCH_PATHS = (
					"$(inherited)",
					"@executable_path/Frameworks",
				);
				PRODUCT_BUNDLE_IDENTIFIER = toshihiro.yamazaki.com.gRPC;
				PRODUCT_NAME = "$(TARGET_NAME)";
				SWIFT_VERSION = 5.0;
				TARGETED_DEVICE_FAMILY = "1,2";
			};
			name = Debug;
		};
		9945356124B5C47300BADC2E /* Release */ = {
			isa = XCBuildConfiguration;
			buildSettings = {
				ASSETCATALOG_COMPILER_APPICON_NAME = AppIcon;
				CODE_SIGN_STYLE = Automatic;
				DEVELOPMENT_ASSET_PATHS = "\"gRPC/Preview Content\"";
				DEVELOPMENT_TEAM = 333AB33F4Z;
				ENABLE_PREVIEWS = YES;
				INFOPLIST_FILE = gRPC/Info.plist;
				LD_RUNPATH_SEARCH_PATHS = (
					"$(inherited)",
					"@executable_path/Frameworks",
				);
				PRODUCT_BUNDLE_IDENTIFIER = toshihiro.yamazaki.com.gRPC;
				PRODUCT_NAME = "$(TARGET_NAME)";
				SWIFT_VERSION = 5.0;
				TARGETED_DEVICE_FAMILY = "1,2";
			};
			name = Release;
		};
/* End XCBuildConfiguration section */

/* Begin XCConfigurationList section */
		9945354624B5C47200BADC2E /* Build configuration list for PBXProject "gRPC" */ = {
			isa = XCConfigurationList;
			buildConfigurations = (
				9945355D24B5C47300BADC2E /* Debug */,
				9945355E24B5C47300BADC2E /* Release */,
			);
			defaultConfigurationIsVisible = 0;
			defaultConfigurationName = Release;
		};
		9945355F24B5C47300BADC2E /* Build configuration list for PBXNativeTarget "gRPC" */ = {
			isa = XCConfigurationList;
			buildConfigurations = (
				9945356024B5C47300BADC2E /* Debug */,
				9945356124B5C47300BADC2E /* Release */,
			);
			defaultConfigurationIsVisible = 0;
			defaultConfigurationName = Release;
		};
/* End XCConfigurationList section */

/* Begin XCRemoteSwiftPackageReference section */
		9945356224B5C55200BADC2E /* XCRemoteSwiftPackageReference "swift-protobuf" */ = {
			isa = XCRemoteSwiftPackageReference;
			repositoryURL = "https://github.com/apple/swift-protobuf";
			requirement = {
				kind = upToNextMajorVersion;
				minimumVersion = 1.10.0;
			};
		};
		9945356524B5C5A700BADC2E /* XCRemoteSwiftPackageReference "grpc-swift" */ = {
			isa = XCRemoteSwiftPackageReference;
			repositoryURL = "https://github.com/grpc/grpc-swift";
			requirement = {
				kind = upToNextMajorVersion;
				minimumVersion = 0.11.0;
			};
		};
/* End XCRemoteSwiftPackageReference section */

/* Begin XCSwiftPackageProductDependency section */
		9945356324B5C55200BADC2E /* SwiftProtobuf */ = {
			isa = XCSwiftPackageProductDependency;
			package = 9945356224B5C55200BADC2E /* XCRemoteSwiftPackageReference "swift-protobuf" */;
			productName = SwiftProtobuf;
		};
		9945356624B5C5A700BADC2E /* SwiftGRPC */ = {
			isa = XCSwiftPackageProductDependency;
			package = 9945356524B5C5A700BADC2E /* XCRemoteSwiftPackageReference "grpc-swift" */;
			productName = SwiftGRPC;
		};
/* End XCSwiftPackageProductDependency section */
	};
	rootObject = 9945354324B5C47200BADC2E /* Project object */;
}
